
Microsoft Visual Studio Solution File, Format Version 12.00
# Visual Studio Version 17
VisualStudioVersion = 17.3.32929.385
MinimumVisualStudioVersion = 10.0.40219.1
Project("{FAE04EC0-301F-11D3-BF4B-00C04F79EFBC}") = "CreateModelPlugin", "CreateModelPlugin\CreateModelPlugin.csproj", "{79242E1B-4B0E-45C8-A6B2-B97FE0901A7E}"
EndProject
Global
	GlobalSection(SolutionConfigurationPlatforms) = preSolution
		Debug|Any CPU = Debug|Any CPU
		Release|Any CPU = Release|Any CPU
	EndGlobalSection
	GlobalSection(ProjectConfigurationPlatforms) = postSolution
		{79242E1B-4B0E-45C8-A6B2-B97FE0901A7E}.Debug|Any CPU.ActiveCfg = Debug|Any CPU
		{79242E1B-4B0E-45C8-A6B2-B97FE0901A7E}.Debug|Any CPU.Build.0 = Debug|Any CPU
		{79242E1B-4B0E-45C8-A6B2-B97FE0901A7E}.Release|Any CPU.ActiveCfg = Release|Any CPU
		{79242E1B-4B0E-45C8-A6B2-B97FE0901A7E}.Release|Any CPU.Build.0 = Release|Any CPU
	EndGlobalSection
	GlobalSection(SolutionProperties) = preSolution
		HideSolutionNode = FALSE
	EndGlobalSection
	GlobalSection(ExtensibilityGlobals) = postSolution
		SolutionGuid = {9F3A6686-AE0C-40C1-A337-9CC3C70F5E8D}
	EndGlobalSection
EndGlobal
